
Microsoft Visual Studio Solution File, Format Version 12.00
# Visual Studio Version 16
VisualStudioVersion = 16.0.31424.327
MinimumVisualStudioVersion = 10.0.40219.1
Project("{FAE04EC0-301F-11D3-BF4B-00C04F79EFBC}") = "Snake", "Snake.csproj", "{15C371F3-612C-4B82-A9CD-B7EE89EA67B3}"
EndProject
Global
	GlobalSection(SolutionConfigurationPlatforms) = preSolution
		Debug|Any CPU = Debug|Any CPU
		Release|Any CPU = Release|Any CPU
	EndGlobalSection
	GlobalSection(ProjectConfigurationPlatforms) = postSolution
		{15C371F3-612C-4B82-A9CD-B7EE89EA67B3}.Debug|Any CPU.ActiveCfg = Debug|Any CPU
		{15C371F3-612C-4B82-A9CD-B7EE89EA67B3}.Debug|Any CPU.Build.0 = Debug|Any CPU
		{15C371F3-612C-4B82-A9CD-B7EE89EA67B3}.Release|Any CPU.ActiveCfg = Release|Any CPU
		{15C371F3-612C-4B82-A9CD-B7EE89EA67B3}.Release|Any CPU.Build.0 = Release|Any CPU
	EndGlobalSection
	GlobalSection(SolutionProperties) = preSolution
		HideSolutionNode = FALSE
	EndGlobalSection
	GlobalSection(ExtensibilityGlobals) = postSolution
		SolutionGuid = {854411B6-F774-498C-AC9A-205B79A49F19}
	EndGlobalSection
EndGlobal
